
Microsoft Visual Studio Solution File, Format Version 12.00
# Visual Studio Version 16
VisualStudioVersion = 16.0.30011.22
MinimumVisualStudioVersion = 10.0.40219.1
Project("{FAE04EC0-301F-11D3-BF4B-00C04F79EFBC}") = "qt_benchmark", "qt_benchmark.csproj", "{FC48DA5E-0264-4F22-917E-394867F16213}"
EndProject
Global
	GlobalSection(SolutionConfigurationPlatforms) = preSolution
		Debug|Any CPU = Debug|Any CPU
		Release|Any CPU = Release|Any CPU
	EndGlobalSection
	GlobalSection(ProjectConfigurationPlatforms) = postSolution
		{FC48DA5E-0264-4F22-917E-394867F16213}.Debug|Any CPU.ActiveCfg = Debug|Any CPU
		{FC48DA5E-0264-4F22-917E-394867F16213}.Debug|Any CPU.Build.0 = Debug|Any CPU
		{FC48DA5E-0264-4F22-917E-394867F16213}.Release|Any CPU.ActiveCfg = Release|Any CPU
		{FC48DA5E-0264-4F22-917E-394867F16213}.Release|Any CPU.Build.0 = Release|Any CPU
	EndGlobalSection
	GlobalSection(SolutionProperties) = preSolution
		HideSolutionNode = FALSE
	EndGlobalSection
	GlobalSection(ExtensibilityGlobals) = postSolution
		SolutionGuid = {09E8FB53-C7AC-4E26-8D7C-A4DC16BE42AD}
	EndGlobalSection
EndGlobal
